
Microsoft Visual Studio Solution File, Format Version 12.00
# Visual Studio Version 17
VisualStudioVersion = 17.7.34221.43
MinimumVisualStudioVersion = 10.0.40219.1
Project("{FAE04EC0-301F-11D3-BF4B-00C04F79EFBC}") = "Ex02 - ValorA", "Ex02 - ValorA\Ex02 - ValorA.csproj", "{96AFB03D-293B-4A26-A4BE-623D2C54FB7B}"
EndProject
Global
	GlobalSection(SolutionConfigurationPlatforms) = preSolution
		Debug|Any CPU = Debug|Any CPU
		Release|Any CPU = Release|Any CPU
	EndGlobalSection
	GlobalSection(ProjectConfigurationPlatforms) = postSolution
		{96AFB03D-293B-4A26-A4BE-623D2C54FB7B}.Debug|Any CPU.ActiveCfg = Debug|Any CPU
		{96AFB03D-293B-4A26-A4BE-623D2C54FB7B}.Debug|Any CPU.Build.0 = Debug|Any CPU
		{96AFB03D-293B-4A26-A4BE-623D2C54FB7B}.Release|Any CPU.ActiveCfg = Release|Any CPU
		{96AFB03D-293B-4A26-A4BE-623D2C54FB7B}.Release|Any CPU.Build.0 = Release|Any CPU
	EndGlobalSection
	GlobalSection(SolutionProperties) = preSolution
		HideSolutionNode = FALSE
	EndGlobalSection
	GlobalSection(ExtensibilityGlobals) = postSolution
		SolutionGuid = {D5CE2AB6-1EF1-49D8-AEFB-2F76520E05E1}
	EndGlobalSection
EndGlobal
