
Microsoft Visual Studio Solution File, Format Version 12.00
# Visual Studio Version 17
VisualStudioVersion = 17.7.34031.279
MinimumVisualStudioVersion = 10.0.40219.1
Project("{FAE04EC0-301F-11D3-BF4B-00C04F79EFBC}") = "TrabalhoPronto", "TrabalhoPronto\TrabalhoPronto.csproj", "{BC6B7BD8-1F17-42B9-8473-B76BB7035222}"
EndProject
Global
	GlobalSection(SolutionConfigurationPlatforms) = preSolution
		Debug|Any CPU = Debug|Any CPU
		Release|Any CPU = Release|Any CPU
	EndGlobalSection
	GlobalSection(ProjectConfigurationPlatforms) = postSolution
		{BC6B7BD8-1F17-42B9-8473-B76BB7035222}.Debug|Any CPU.ActiveCfg = Debug|Any CPU
		{BC6B7BD8-1F17-42B9-8473-B76BB7035222}.Debug|Any CPU.Build.0 = Debug|Any CPU
		{BC6B7BD8-1F17-42B9-8473-B76BB7035222}.Release|Any CPU.ActiveCfg = Release|Any CPU
		{BC6B7BD8-1F17-42B9-8473-B76BB7035222}.Release|Any CPU.Build.0 = Release|Any CPU
	EndGlobalSection
	GlobalSection(SolutionProperties) = preSolution
		HideSolutionNode = FALSE
	EndGlobalSection
	GlobalSection(ExtensibilityGlobals) = postSolution
		SolutionGuid = {CF2E597B-C562-4B04-9867-0F1B5D5A74F1}
	EndGlobalSection
EndGlobal
