
Microsoft Visual Studio Solution File, Format Version 12.00
# Visual Studio Version 17
VisualStudioVersion = 17.7.34221.43
MinimumVisualStudioVersion = 10.0.40219.1
Project("{FAE04EC0-301F-11D3-BF4B-00C04F79EFBC}") = "Ex04 - TrintaNomes", "Ex04 - TrintaNomes\Ex04 - TrintaNomes.csproj", "{69894A87-43F3-42AC-B6F9-64684D6678DC}"
EndProject
Global
	GlobalSection(SolutionConfigurationPlatforms) = preSolution
		Debug|Any CPU = Debug|Any CPU
		Release|Any CPU = Release|Any CPU
	EndGlobalSection
	GlobalSection(ProjectConfigurationPlatforms) = postSolution
		{69894A87-43F3-42AC-B6F9-64684D6678DC}.Debug|Any CPU.ActiveCfg = Debug|Any CPU
		{69894A87-43F3-42AC-B6F9-64684D6678DC}.Debug|Any CPU.Build.0 = Debug|Any CPU
		{69894A87-43F3-42AC-B6F9-64684D6678DC}.Release|Any CPU.ActiveCfg = Release|Any CPU
		{69894A87-43F3-42AC-B6F9-64684D6678DC}.Release|Any CPU.Build.0 = Release|Any CPU
	EndGlobalSection
	GlobalSection(SolutionProperties) = preSolution
		HideSolutionNode = FALSE
	EndGlobalSection
	GlobalSection(ExtensibilityGlobals) = postSolution
		SolutionGuid = {EB9E2B3A-9152-4A8A-BF86-7486C5B33E10}
	EndGlobalSection
EndGlobal
