
Microsoft Visual Studio Solution File, Format Version 12.00
# Visual Studio Version 17
VisualStudioVersion = 17.13.35806.99 d17.13
MinimumVisualStudioVersion = 10.0.40219.1
Project("{FAE04EC0-301F-11D3-BF4B-00C04F79EFBC}") = "POExercise_Training", "POExercise_Training\POExercise_Training.csproj", "{DB40D51A-8988-45FE-8D6C-2430112CD803}"
EndProject
Global
	GlobalSection(SolutionConfigurationPlatforms) = preSolution
		Debug|Any CPU = Debug|Any CPU
		Release|Any CPU = Release|Any CPU
	EndGlobalSection
	GlobalSection(ProjectConfigurationPlatforms) = postSolution
		{DB40D51A-8988-45FE-8D6C-2430112CD803}.Debug|Any CPU.ActiveCfg = Debug|Any CPU
		{DB40D51A-8988-45FE-8D6C-2430112CD803}.Debug|Any CPU.Build.0 = Debug|Any CPU
		{DB40D51A-8988-45FE-8D6C-2430112CD803}.Release|Any CPU.ActiveCfg = Release|Any CPU
		{DB40D51A-8988-45FE-8D6C-2430112CD803}.Release|Any CPU.Build.0 = Release|Any CPU
	EndGlobalSection
	GlobalSection(SolutionProperties) = preSolution
		HideSolutionNode = FALSE
	EndGlobalSection
	GlobalSection(ExtensibilityGlobals) = postSolution
		SolutionGuid = {FCFAC553-5379-46C1-B8DA-4FDA2B617304}
	EndGlobalSection
EndGlobal
