
Microsoft Visual Studio Solution File, Format Version 12.00
# Visual Studio Version 16
VisualStudioVersion = 16.0.34031.81
MinimumVisualStudioVersion = 10.0.40219.1
Project("{FAE04EC0-301F-11D3-BF4B-00C04F79EFBC}") = "1ECN12biAlg", "1ECN12biAlg\1ECN12biAlg.csproj", "{BCE9CAC5-431F-497E-B0E4-32ED1693E1EE}"
EndProject
Global
	GlobalSection(SolutionConfigurationPlatforms) = preSolution
		Debug|Any CPU = Debug|Any CPU
		Release|Any CPU = Release|Any CPU
	EndGlobalSection
	GlobalSection(ProjectConfigurationPlatforms) = postSolution
		{BCE9CAC5-431F-497E-B0E4-32ED1693E1EE}.Debug|Any CPU.ActiveCfg = Debug|Any CPU
		{BCE9CAC5-431F-497E-B0E4-32ED1693E1EE}.Debug|Any CPU.Build.0 = Debug|Any CPU
		{BCE9CAC5-431F-497E-B0E4-32ED1693E1EE}.Release|Any CPU.ActiveCfg = Release|Any CPU
		{BCE9CAC5-431F-497E-B0E4-32ED1693E1EE}.Release|Any CPU.Build.0 = Release|Any CPU
	EndGlobalSection
	GlobalSection(SolutionProperties) = preSolution
		HideSolutionNode = FALSE
	EndGlobalSection
	GlobalSection(ExtensibilityGlobals) = postSolution
		SolutionGuid = {D2C97394-19BE-4F2D-83D2-4B7E7FF6D05E}
	EndGlobalSection
EndGlobal
